// !$*UTF8*$!
{
	archiveVersion = 1;
	classes = {
	};
	objectVersion = 56;
	objects = {

/* Begin PBXBuildFile section */
		D219070A2953C5B8004CE189 /* AppDelegate.swift in Sources */ = {isa = PBXBuildFile; fileRef = D21907092953C5B8004CE189 /* AppDelegate.swift */; };
		D219070C2953C5B8004CE189 /* SceneDelegate.swift in Sources */ = {isa = PBXBuildFile; fileRef = D219070B2953C5B8004CE189 /* SceneDelegate.swift */; };
		D21907112953C5B8004CE189 /* Main.storyboard in Resources */ = {isa = PBXBuildFile; fileRef = D219070F2953C5B8004CE189 /* Main.storyboard */; };
		D21907162953C5B9004CE189 /* LaunchScreen.storyboard in Resources */ = {isa = PBXBuildFile; fileRef = D21907142953C5B9004CE189 /* LaunchScreen.storyboard */; };
		D21907202957974A004CE189 /* Assets.xcassets in Resources */ = {isa = PBXBuildFile; fileRef = D219071F2957974A004CE189 /* Assets.xcassets */; };
		D219072329579A4B004CE189 /* ExploreViewController.swift in Sources */ = {isa = PBXBuildFile; fileRef = D219072229579A4B004CE189 /* ExploreViewController.swift */; };
		D22508292957A2C900E6D9BA /* RestaurantListViewController.swift in Sources */ = {isa = PBXBuildFile; fileRef = D22508282957A2C900E6D9BA /* RestaurantListViewController.swift */; };
		D225082C29586D9500E6D9BA /* ExploreData.plist in Resources */ = {isa = PBXBuildFile; fileRef = D225082B29586D9500E6D9BA /* ExploreData.plist */; };
		D225082E29586DD000E6D9BA /* ExploreItem.swift in Sources */ = {isa = PBXBuildFile; fileRef = D225082D29586DD000E6D9BA /* ExploreItem.swift */; };
		D225083029586F0000E6D9BA /* ExploreDataManager.swift in Sources */ = {isa = PBXBuildFile; fileRef = D225082F29586F0000E6D9BA /* ExploreDataManager.swift */; };
		D22508332958774B00E6D9BA /* ExploreCell.swift in Sources */ = {isa = PBXBuildFile; fileRef = D22508322958774B00E6D9BA /* ExploreCell.swift */; };
		D22508382958840100E6D9BA /* LocationViewController.swift in Sources */ = {isa = PBXBuildFile; fileRef = D22508372958840100E6D9BA /* LocationViewController.swift */; };
		D225083A295885B600E6D9BA /* Locations.plist in Resources */ = {isa = PBXBuildFile; fileRef = D2250839295885B600E6D9BA /* Locations.plist */; };
		D225083C295886E000E6D9BA /* LocationDataManager.swift in Sources */ = {isa = PBXBuildFile; fileRef = D225083B295886E000E6D9BA /* LocationDataManager.swift */; };
		D225084029589CC100E6D9BA /* MapLocations.plist in Resources */ = {isa = PBXBuildFile; fileRef = D225083F29589CC100E6D9BA /* MapLocations.plist */; };
		D225084229589D0900E6D9BA /* RestaurantItem.swift in Sources */ = {isa = PBXBuildFile; fileRef = D225084129589D0900E6D9BA /* RestaurantItem.swift */; };
		D22508442958A0E800E6D9BA /* MapDataManager.swift in Sources */ = {isa = PBXBuildFile; fileRef = D22508432958A0E800E6D9BA /* MapDataManager.swift */; };
		D22508472958A78B00E6D9BA /* DataManager.swift in Sources */ = {isa = PBXBuildFile; fileRef = D22508462958A78B00E6D9BA /* DataManager.swift */; };
		D22508492958AB3800E6D9BA /* MapViewController.swift in Sources */ = {isa = PBXBuildFile; fileRef = D22508482958AB3800E6D9BA /* MapViewController.swift */; };
		D225084E2958C16800E6D9BA /* PhotoFilter.storyboard in Resources */ = {isa = PBXBuildFile; fileRef = D225084D2958C16800E6D9BA /* PhotoFilter.storyboard */; };
		D22508502958C17300E6D9BA /* ReviewForm.storyboard in Resources */ = {isa = PBXBuildFile; fileRef = D225084F2958C17300E6D9BA /* ReviewForm.storyboard */; };
		D22508542958C2B800E6D9BA /* RestaurantDetail.storyboard in Resources */ = {isa = PBXBuildFile; fileRef = D22508532958C2B800E6D9BA /* RestaurantDetail.storyboard */; };
		D22508562958C3B300E6D9BA /* Segue.swift in Sources */ = {isa = PBXBuildFile; fileRef = D22508552958C3B300E6D9BA /* Segue.swift */; };
		D22508582958D0D400E6D9BA /* RestaurantDetailTableViewController.swift in Sources */ = {isa = PBXBuildFile; fileRef = D22508572958D0D400E6D9BA /* RestaurantDetailTableViewController.swift */; };
/* End PBXBuildFile section */

/* Begin PBXFileReference section */
		D21907062953C5B8004CE189 /* LetsEat.app */ = {isa = PBXFileReference; explicitFileType = wrapper.application; includeInIndex = 0; path = LetsEat.app; sourceTree = BUILT_PRODUCTS_DIR; };
		D21907092953C5B8004CE189 /* AppDelegate.swift */ = {isa = PBXFileReference; lastKnownFileType = sourcecode.swift; path = AppDelegate.swift; sourceTree = "<group>"; };
		D219070B2953C5B8004CE189 /* SceneDelegate.swift */ = {isa = PBXFileReference; lastKnownFileType = sourcecode.swift; path = SceneDelegate.swift; sourceTree = "<group>"; };
		D21907102953C5B8004CE189 /* Base */ = {isa = PBXFileReference; lastKnownFileType = file.storyboard; name = Base; path = Base.lproj/Main.storyboard; sourceTree = "<group>"; };
		D21907152953C5B9004CE189 /* Base */ = {isa = PBXFileReference; lastKnownFileType = file.storyboard; name = Base; path = Base.lproj/LaunchScreen.storyboard; sourceTree = "<group>"; };
		D21907172953C5B9004CE189 /* Info.plist */ = {isa = PBXFileReference; lastKnownFileType = text.plist.xml; path = Info.plist; sourceTree = "<group>"; };
		D219071F2957974A004CE189 /* Assets.xcassets */ = {isa = PBXFileReference; lastKnownFileType = folder.assetcatalog; name = Assets.xcassets; path = "../../../Clonelanan Projeler/iOS-15-Programming-for-Beginners-Sixth-Edition/Chapter09/Assets.xcassets"; sourceTree = "<group>"; };
		D219072229579A4B004CE189 /* ExploreViewController.swift */ = {isa = PBXFileReference; lastKnownFileType = sourcecode.swift; path = ExploreViewController.swift; sourceTree = "<group>"; };
		D22508282957A2C900E6D9BA /* RestaurantListViewController.swift */ = {isa = PBXFileReference; lastKnownFileType = sourcecode.swift; path = RestaurantListViewController.swift; sourceTree = "<group>"; };
		D225082B29586D9500E6D9BA /* ExploreData.plist */ = {isa = PBXFileReference; fileEncoding = 4; lastKnownFileType = text.plist.xml; path = ExploreData.plist; sourceTree = "<group>"; };
		D225082D29586DD000E6D9BA /* ExploreItem.swift */ = {isa = PBXFileReference; lastKnownFileType = sourcecode.swift; path = ExploreItem.swift; sourceTree = "<group>"; };
		D225082F29586F0000E6D9BA /* ExploreDataManager.swift */ = {isa = PBXFileReference; lastKnownFileType = sourcecode.swift; path = ExploreDataManager.swift; sourceTree = "<group>"; };
		D22508322958774B00E6D9BA /* ExploreCell.swift */ = {isa = PBXFileReference; lastKnownFileType = sourcecode.swift; path = ExploreCell.swift; sourceTree = "<group>"; };
		D22508372958840100E6D9BA /* LocationViewController.swift */ = {isa = PBXFileReference; lastKnownFileType = sourcecode.swift; path = LocationViewController.swift; sourceTree = "<group>"; };
		D2250839295885B600E6D9BA /* Locations.plist */ = {isa = PBXFileReference; lastKnownFileType = text.plist.xml; path = Locations.plist; sourceTree = "<group>"; };
		D225083B295886E000E6D9BA /* LocationDataManager.swift */ = {isa = PBXFileReference; lastKnownFileType = sourcecode.swift; path = LocationDataManager.swift; sourceTree = "<group>"; };
		D225083F29589CC100E6D9BA /* MapLocations.plist */ = {isa = PBXFileReference; fileEncoding = 4; lastKnownFileType = text.plist.xml; path = MapLocations.plist; sourceTree = "<group>"; };
		D225084129589D0900E6D9BA /* RestaurantItem.swift */ = {isa = PBXFileReference; lastKnownFileType = sourcecode.swift; path = RestaurantItem.swift; sourceTree = "<group>"; };
		D22508432958A0E800E6D9BA /* MapDataManager.swift */ = {isa = PBXFileReference; lastKnownFileType = sourcecode.swift; path = MapDataManager.swift; sourceTree = "<group>"; };
		D22508462958A78B00E6D9BA /* DataManager.swift */ = {isa = PBXFileReference; lastKnownFileType = sourcecode.swift; path = DataManager.swift; sourceTree = "<group>"; };
		D22508482958AB3800E6D9BA /* MapViewController.swift */ = {isa = PBXFileReference; lastKnownFileType = sourcecode.swift; path = MapViewController.swift; sourceTree = "<group>"; };
		D225084D2958C16800E6D9BA /* PhotoFilter.storyboard */ = {isa = PBXFileReference; fileEncoding = 4; lastKnownFileType = file.storyboard; path = PhotoFilter.storyboard; sourceTree = "<group>"; };
		D225084F2958C17300E6D9BA /* ReviewForm.storyboard */ = {isa = PBXFileReference; fileEncoding = 4; lastKnownFileType = file.storyboard; path = ReviewForm.storyboard; sourceTree = "<group>"; };
		D22508532958C2B800E6D9BA /* RestaurantDetail.storyboard */ = {isa = PBXFileReference; fileEncoding = 4; lastKnownFileType = file.storyboard; path = RestaurantDetail.storyboard; sourceTree = "<group>"; };
		D22508552958C3B300E6D9BA /* Segue.swift */ = {isa = PBXFileReference; lastKnownFileType = sourcecode.swift; path = Segue.swift; sourceTree = "<group>"; };
		D22508572958D0D400E6D9BA /* RestaurantDetailTableViewController.swift */ = {isa = PBXFileReference; lastKnownFileType = sourcecode.swift; path = RestaurantDetailTableViewController.swift; sourceTree = "<group>"; };
/* End PBXFileReference section */

/* Begin PBXFrameworksBuildPhase section */
		D21907032953C5B8004CE189 /* Frameworks */ = {
			isa = PBXFrameworksBuildPhase;
			buildActionMask = 2147483647;
			files = (
			);
			runOnlyForDeploymentPostprocessing = 0;
		};
/* End PBXFrameworksBuildPhase section */

/* Begin PBXGroup section */
		D21906FD2953C5B8004CE189 = {
			isa = PBXGroup;
			children = (
				D21907082953C5B8004CE189 /* LetsEat */,
				D21907072953C5B8004CE189 /* Products */,
			);
			sourceTree = "<group>";
		};
		D21907072953C5B8004CE189 /* Products */ = {
			isa = PBXGroup;
			children = (
				D21907062953C5B8004CE189 /* LetsEat.app */,
			);
			name = Products;
			sourceTree = "<group>";
		};
		D21907082953C5B8004CE189 /* LetsEat */ = {
			isa = PBXGroup;
			children = (
				D21907092953C5B8004CE189 /* AppDelegate.swift */,
				D219070B2953C5B8004CE189 /* SceneDelegate.swift */,
				D219070F2953C5B8004CE189 /* Main.storyboard */,
				D21907142953C5B9004CE189 /* LaunchScreen.storyboard */,
				D219071F2957974A004CE189 /* Assets.xcassets */,
				D21907172953C5B9004CE189 /* Info.plist */,
				D225084B2958C13600E6D9BA /* ReviewForm */,
				D225084A2958C12400E6D9BA /* RestaurantDetail */,
				D225084C2958C14400E6D9BA /* PhotoFilter */,
				D22508452958A77100E6D9BA /* Misc */,
				D225083D29589C8100E6D9BA /* Map */,
				D22508342958838400E6D9BA /* Location */,
				D22508272957A28700E6D9BA /* Restaurants */,
				D219072129579A20004CE189 /* Explore */,
			);
			path = LetsEat;
			sourceTree = "<group>";
		};
		D219072129579A20004CE189 /* Explore */ = {
			isa = PBXGroup;
			children = (
				D22508312958770E00E6D9BA /* View */,
				D225082A29586D3900E6D9BA /* Model */,
				D219072229579A4B004CE189 /* ExploreViewController.swift */,
			);
			path = Explore;
			sourceTree = "<group>";
		};
		D22508272957A28700E6D9BA /* Restaurants */ = {
			isa = PBXGroup;
			children = (
				D22508282957A2C900E6D9BA /* RestaurantListViewController.swift */,
			);
			path = Restaurants;
			sourceTree = "<group>";
		};
		D225082A29586D3900E6D9BA /* Model */ = {
			isa = PBXGroup;
			children = (
				D225082B29586D9500E6D9BA /* ExploreData.plist */,
				D225082D29586DD000E6D9BA /* ExploreItem.swift */,
				D225082F29586F0000E6D9BA /* ExploreDataManager.swift */,
			);
			path = Model;
			sourceTree = "<group>";
		};
		D22508312958770E00E6D9BA /* View */ = {
			isa = PBXGroup;
			children = (
				D22508322958774B00E6D9BA /* ExploreCell.swift */,
			);
			path = View;
			sourceTree = "<group>";
		};
		D22508342958838400E6D9BA /* Location */ = {
			isa = PBXGroup;
			children = (
				D2250836295883A000E6D9BA /* Model */,
				D22508352958838E00E6D9BA /* View */,
			);
			path = Location;
			sourceTree = "<group>";
		};
		D22508352958838E00E6D9BA /* View */ = {
			isa = PBXGroup;
			children = (
				D22508372958840100E6D9BA /* LocationViewController.swift */,
			);
			path = View;
			sourceTree = "<group>";
		};
		D2250836295883A000E6D9BA /* Model */ = {
			isa = PBXGroup;
			children = (
				D2250839295885B600E6D9BA /* Locations.plist */,
				D225083B295886E000E6D9BA /* LocationDataManager.swift */,
			);
			path = Model;
			sourceTree = "<group>";
		};
		D225083D29589C8100E6D9BA /* Map */ = {
			isa = PBXGroup;
			children = (
				D225083E29589C8B00E6D9BA /* Model */,
				D22508482958AB3800E6D9BA /* MapViewController.swift */,
			);
			path = Map;
			sourceTree = "<group>";
		};
		D225083E29589C8B00E6D9BA /* Model */ = {
			isa = PBXGroup;
			children = (
				D225083F29589CC100E6D9BA /* MapLocations.plist */,
				D225084129589D0900E6D9BA /* RestaurantItem.swift */,
				D22508432958A0E800E6D9BA /* MapDataManager.swift */,
			);
			path = Model;
			sourceTree = "<group>";
		};
		D22508452958A77100E6D9BA /* Misc */ = {
			isa = PBXGroup;
			children = (
				D22508462958A78B00E6D9BA /* DataManager.swift */,
				D22508552958C3B300E6D9BA /* Segue.swift */,
			);
			path = Misc;
			sourceTree = "<group>";
		};
		D225084A2958C12400E6D9BA /* RestaurantDetail */ = {
			isa = PBXGroup;
			children = (
				D22508532958C2B800E6D9BA /* RestaurantDetail.storyboard */,
				D22508572958D0D400E6D9BA /* RestaurantDetailTableViewController.swift */,
			);
			path = RestaurantDetail;
			sourceTree = "<group>";
		};
		D225084B2958C13600E6D9BA /* ReviewForm */ = {
			isa = PBXGroup;
			children = (
				D225084F2958C17300E6D9BA /* ReviewForm.storyboard */,
			);
			path = ReviewForm;
			sourceTree = "<group>";
		};
		D225084C2958C14400E6D9BA /* PhotoFilter */ = {
			isa = PBXGroup;
			children = (
				D225084D2958C16800E6D9BA /* PhotoFilter.storyboard */,
			);
			path = PhotoFilter;
			sourceTree = "<group>";
		};
/* End PBXGroup section */

/* Begin PBXNativeTarget section */
		D21907052953C5B8004CE189 /* LetsEat */ = {
			isa = PBXNativeTarget;
			buildConfigurationList = D219071A2953C5B9004CE189 /* Build configuration list for PBXNativeTarget "LetsEat" */;
			buildPhases = (
				D21907022953C5B8004CE189 /* Sources */,
				D21907032953C5B8004CE189 /* Frameworks */,
				D21907042953C5B8004CE189 /* Resources */,
			);
			buildRules = (
			);
			dependencies = (
			);
			name = LetsEat;
			productName = LetsEat;
			productReference = D21907062953C5B8004CE189 /* LetsEat.app */;
			productType = "com.apple.product-type.application";
		};
/* End PBXNativeTarget section */

/* Begin PBXProject section */
		D21906FE2953C5B8004CE189 /* Project object */ = {
			isa = PBXProject;
			attributes = {
				BuildIndependentTargetsInParallel = 1;
				LastSwiftUpdateCheck = 1410;
				LastUpgradeCheck = 1410;
				TargetAttributes = {
					D21907052953C5B8004CE189 = {
						CreatedOnToolsVersion = 14.1;
					};
				};
			};
			buildConfigurationList = D21907012953C5B8004CE189 /* Build configuration list for PBXProject "LetsEat" */;
			compatibilityVersion = "Xcode 14.0";
			developmentRegion = en;
			hasScannedForEncodings = 0;
			knownRegions = (
				en,
				Base,
			);
			mainGroup = D21906FD2953C5B8004CE189;
			productRefGroup = D21907072953C5B8004CE189 /* Products */;
			projectDirPath = "";
			projectRoot = "";
			targets = (
				D21907052953C5B8004CE189 /* LetsEat */,
			);
		};
/* End PBXProject section */

/* Begin PBXResourcesBuildPhase section */
		D21907042953C5B8004CE189 /* Resources */ = {
			isa = PBXResourcesBuildPhase;
			buildActionMask = 2147483647;
			files = (
				D225082C29586D9500E6D9BA /* ExploreData.plist in Resources */,
				D225084E2958C16800E6D9BA /* PhotoFilter.storyboard in Resources */,
				D22508502958C17300E6D9BA /* ReviewForm.storyboard in Resources */,
				D21907162953C5B9004CE189 /* LaunchScreen.storyboard in Resources */,
				D21907202957974A004CE189 /* Assets.xcassets in Resources */,
				D225083A295885B600E6D9BA /* Locations.plist in Resources */,
				D225084029589CC100E6D9BA /* MapLocations.plist in Resources */,
				D22508542958C2B800E6D9BA /* RestaurantDetail.storyboard in Resources */,
				D21907112953C5B8004CE189 /* Main.storyboard in Resources */,
			);
			runOnlyForDeploymentPostprocessing = 0;
		};
/* End PBXResourcesBuildPhase section */

/* Begin PBXSourcesBuildPhase section */
		D21907022953C5B8004CE189 /* Sources */ = {
			isa = PBXSourcesBuildPhase;
			buildActionMask = 2147483647;
			files = (
				D225082E29586DD000E6D9BA /* ExploreItem.swift in Sources */,
				D22508472958A78B00E6D9BA /* DataManager.swift in Sources */,
				D22508442958A0E800E6D9BA /* MapDataManager.swift in Sources */,
				D219070A2953C5B8004CE189 /* AppDelegate.swift in Sources */,
				D22508292957A2C900E6D9BA /* RestaurantListViewController.swift in Sources */,
				D22508562958C3B300E6D9BA /* Segue.swift in Sources */,
				D219070C2953C5B8004CE189 /* SceneDelegate.swift in Sources */,
				D22508492958AB3800E6D9BA /* MapViewController.swift in Sources */,
				D219072329579A4B004CE189 /* ExploreViewController.swift in Sources */,
				D225083029586F0000E6D9BA /* ExploreDataManager.swift in Sources */,
				D22508332958774B00E6D9BA /* ExploreCell.swift in Sources */,
				D225084229589D0900E6D9BA /* RestaurantItem.swift in Sources */,
				D225083C295886E000E6D9BA /* LocationDataManager.swift in Sources */,
				D22508382958840100E6D9BA /* LocationViewController.swift in Sources */,
				D22508582958D0D400E6D9BA /* RestaurantDetailTableViewController.swift in Sources */,
			);
			runOnlyForDeploymentPostprocessing = 0;
		};
/* End PBXSourcesBuildPhase section */

/* Begin PBXVariantGroup section */
		D219070F2953C5B8004CE189 /* Main.storyboard */ = {
			isa = PBXVariantGroup;
			children = (
				D21907102953C5B8004CE189 /* Base */,
			);
			name = Main.storyboard;
			sourceTree = "<group>";
		};
		D21907142953C5B9004CE189 /* LaunchScreen.storyboard */ = {
			isa = PBXVariantGroup;
			children = (
				D21907152953C5B9004CE189 /* Base */,
			);
			name = LaunchScreen.storyboard;
			sourceTree = "<group>";
		};
/* End PBXVariantGroup section */

/* Begin XCBuildConfiguration section */
		D21907182953C5B9004CE189 /* Debug */ = {
			isa = XCBuildConfiguration;
			buildSettings = {
				ALWAYS_SEARCH_USER_PATHS = NO;
				CLANG_ANALYZER_NONNULL = YES;
				CLANG_ANALYZER_NUMBER_OBJECT_CONVERSION = YES_AGGRESSIVE;
				CLANG_CXX_LANGUAGE_STANDARD = "gnu++20";
				CLANG_ENABLE_MODULES = YES;
				CLANG_ENABLE_OBJC_ARC = YES;
				CLANG_ENABLE_OBJC_WEAK = YES;
				CLANG_WARN_BLOCK_CAPTURE_AUTORELEASING = YES;
				CLANG_WARN_BOOL_CONVERSION = YES;
				CLANG_WARN_COMMA = YES;
				CLANG_WARN_CONSTANT_CONVERSION = YES;
				CLANG_WARN_DEPRECATED_OBJC_IMPLEMENTATIONS = YES;
				CLANG_WARN_DIRECT_OBJC_ISA_USAGE = YES_ERROR;
				CLANG_WARN_DOCUMENTATION_COMMENTS = YES;
				CLANG_WARN_EMPTY_BODY = YES;
				CLANG_WARN_ENUM_CONVERSION = YES;
				CLANG_WARN_INFINITE_RECURSION = YES;
				CLANG_WARN_INT_CONVERSION = YES;
				CLANG_WARN_NON_LITERAL_NULL_CONVERSION = YES;
				CLANG_WARN_OBJC_IMPLICIT_RETAIN_SELF = YES;
				CLANG_WARN_OBJC_LITERAL_CONVERSION = YES;
				CLANG_WARN_OBJC_ROOT_CLASS = YES_ERROR;
				CLANG_WARN_QUOTED_INCLUDE_IN_FRAMEWORK_HEADER = YES;
				CLANG_WARN_RANGE_LOOP_ANALYSIS = YES;
				CLANG_WARN_STRICT_PROTOTYPES = YES;
				CLANG_WARN_SUSPICIOUS_MOVE = YES;
				CLANG_WARN_UNGUARDED_AVAILABILITY = YES_AGGRESSIVE;
				CLANG_WARN_UNREACHABLE_CODE = YES;
				CLANG_WARN__DUPLICATE_METHOD_MATCH = YES;
				COPY_PHASE_STRIP = NO;
				DEBUG_INFORMATION_FORMAT = dwarf;
				ENABLE_STRICT_OBJC_MSGSEND = YES;
				ENABLE_TESTABILITY = YES;
				GCC_C_LANGUAGE_STANDARD = gnu11;
				GCC_DYNAMIC_NO_PIC = NO;
				GCC_NO_COMMON_BLOCKS = YES;
				GCC_OPTIMIZATION_LEVEL = 0;
				GCC_PREPROCESSOR_DEFINITIONS = (
					"DEBUG=1",
					"$(inherited)",
				);
				GCC_WARN_64_TO_32_BIT_CONVERSION = YES;
				GCC_WARN_ABOUT_RETURN_TYPE = YES_ERROR;
				GCC_WARN_UNDECLARED_SELECTOR = YES;
				GCC_WARN_UNINITIALIZED_AUTOS = YES_AGGRESSIVE;
				GCC_WARN_UNUSED_FUNCTION = YES;
				GCC_WARN_UNUSED_VARIABLE = YES;
				IPHONEOS_DEPLOYMENT_TARGET = 16.1;
				MTL_ENABLE_DEBUG_INFO = INCLUDE_SOURCE;
				MTL_FAST_MATH = YES;
				ONLY_ACTIVE_ARCH = YES;
				SDKROOT = iphoneos;
				SWIFT_ACTIVE_COMPILATION_CONDITIONS = DEBUG;
				SWIFT_OPTIMIZATION_LEVEL = "-Onone";
			};
			name = Debug;
		};
		D21907192953C5B9004CE189 /* Release */ = {
			isa = XCBuildConfiguration;
			buildSettings = {
				ALWAYS_SEARCH_USER_PATHS = NO;
				CLANG_ANALYZER_NONNULL = YES;
				CLANG_ANALYZER_NUMBER_OBJECT_CONVERSION = YES_AGGRESSIVE;
				CLANG_CXX_LANGUAGE_STANDARD = "gnu++20";
				CLANG_ENABLE_MODULES = YES;
				CLANG_ENABLE_OBJC_ARC = YES;
				CLANG_ENABLE_OBJC_WEAK = YES;
				CLANG_WARN_BLOCK_CAPTURE_AUTORELEASING = YES;
				CLANG_WARN_BOOL_CONVERSION = YES;
				CLANG_WARN_COMMA = YES;
				CLANG_WARN_CONSTANT_CONVERSION = YES;
				CLANG_WARN_DEPRECATED_OBJC_IMPLEMENTATIONS = YES;
				CLANG_WARN_DIRECT_OBJC_ISA_USAGE = YES_ERROR;
				CLANG_WARN_DOCUMENTATION_COMMENTS = YES;
				CLANG_WARN_EMPTY_BODY = YES;
				CLANG_WARN_ENUM_CONVERSION = YES;
				CLANG_WARN_INFINITE_RECURSION = YES;
				CLANG_WARN_INT_CONVERSION = YES;
				CLANG_WARN_NON_LITERAL_NULL_CONVERSION = YES;
				CLANG_WARN_OBJC_IMPLICIT_RETAIN_SELF = YES;
				CLANG_WARN_OBJC_LITERAL_CONVERSION = YES;
				CLANG_WARN_OBJC_ROOT_CLASS = YES_ERROR;
				CLANG_WARN_QUOTED_INCLUDE_IN_FRAMEWORK_HEADER = YES;
				CLANG_WARN_RANGE_LOOP_ANALYSIS = YES;
				CLANG_WARN_STRICT_PROTOTYPES = YES;
				CLANG_WARN_SUSPICIOUS_MOVE = YES;
				CLANG_WARN_UNGUARDED_AVAILABILITY = YES_AGGRESSIVE;
				CLANG_WARN_UNREACHABLE_CODE = YES;
				CLANG_WARN__DUPLICATE_METHOD_MATCH = YES;
				COPY_PHASE_STRIP = NO;
				DEBUG_INFORMATION_FORMAT = "dwarf-with-dsym";
				ENABLE_NS_ASSERTIONS = NO;
				ENABLE_STRICT_OBJC_MSGSEND = YES;
				GCC_C_LANGUAGE_STANDARD = gnu11;
				GCC_NO_COMMON_BLOCKS = YES;
				GCC_WARN_64_TO_32_BIT_CONVERSION = YES;
				GCC_WARN_ABOUT_RETURN_TYPE = YES_ERROR;
				GCC_WARN_UNDECLARED_SELECTOR = YES;
				GCC_WARN_UNINITIALIZED_AUTOS = YES_AGGRESSIVE;
				GCC_WARN_UNUSED_FUNCTION = YES;
				GCC_WARN_UNUSED_VARIABLE = YES;
				IPHONEOS_DEPLOYMENT_TARGET = 16.1;
				MTL_ENABLE_DEBUG_INFO = NO;
				MTL_FAST_MATH = YES;
				SDKROOT = iphoneos;
				SWIFT_COMPILATION_MODE = wholemodule;
				SWIFT_OPTIMIZATION_LEVEL = "-O";
				VALIDATE_PRODUCT = YES;
			};
			name = Release;
		};
		D219071B2953C5B9004CE189 /* Debug */ = {
			isa = XCBuildConfiguration;
			buildSettings = {
				ASSETCATALOG_COMPILER_APPICON_NAME = AppIcon;
				ASSETCATALOG_COMPILER_GLOBAL_ACCENT_COLOR_NAME = AccentColor;
				CODE_SIGN_STYLE = Automatic;
				CURRENT_PROJECT_VERSION = 1;
				GENERATE_INFOPLIST_FILE = YES;
				INFOPLIST_FILE = LetsEat/Info.plist;
				INFOPLIST_KEY_UIApplicationSupportsIndirectInputEvents = YES;
				INFOPLIST_KEY_UILaunchStoryboardName = LaunchScreen;
				INFOPLIST_KEY_UIMainStoryboardFile = Main;
				INFOPLIST_KEY_UISupportedInterfaceOrientations_iPad = "UIInterfaceOrientationPortrait UIInterfaceOrientationPortraitUpsideDown UIInterfaceOrientationLandscapeLeft UIInterfaceOrientationLandscapeRight";
				INFOPLIST_KEY_UISupportedInterfaceOrientations_iPhone = "UIInterfaceOrientationPortrait UIInterfaceOrientationLandscapeLeft UIInterfaceOrientationLandscapeRight";
				LD_RUNPATH_SEARCH_PATHS = (
					"$(inherited)",
					"@executable_path/Frameworks",
				);
				MARKETING_VERSION = 1.0;
				PRODUCT_BUNDLE_IDENTIFIER = com.kamilcal.LetsEat;
				PRODUCT_NAME = "$(TARGET_NAME)";
				SWIFT_EMIT_LOC_STRINGS = YES;
				SWIFT_VERSION = 5.0;
				TARGETED_DEVICE_FAMILY = "1,2";
			};
			name = Debug;
		};
		D219071C2953C5B9004CE189 /* Release */ = {
			isa = XCBuildConfiguration;
			buildSettings = {
				ASSETCATALOG_COMPILER_APPICON_NAME = AppIcon;
				ASSETCATALOG_COMPILER_GLOBAL_ACCENT_COLOR_NAME = AccentColor;
				CODE_SIGN_STYLE = Automatic;
				CURRENT_PROJECT_VERSION = 1;
				GENERATE_INFOPLIST_FILE = YES;
				INFOPLIST_FILE = LetsEat/Info.plist;
				INFOPLIST_KEY_UIApplicationSupportsIndirectInputEvents = YES;
				INFOPLIST_KEY_UILaunchStoryboardName = LaunchScreen;
				INFOPLIST_KEY_UIMainStoryboardFile = Main;
				INFOPLIST_KEY_UISupportedInterfaceOrientations_iPad = "UIInterfaceOrientationPortrait UIInterfaceOrientationPortraitUpsideDown UIInterfaceOrientationLandscapeLeft UIInterfaceOrientationLandscapeRight";
				INFOPLIST_KEY_UISupportedInterfaceOrientations_iPhone = "UIInterfaceOrientationPortrait UIInterfaceOrientationLandscapeLeft UIInterfaceOrientationLandscapeRight";
				LD_RUNPATH_SEARCH_PATHS = (
					"$(inherited)",
					"@executable_path/Frameworks",
				);
				MARKETING_VERSION = 1.0;
				PRODUCT_BUNDLE_IDENTIFIER = com.kamilcal.LetsEat;
				PRODUCT_NAME = "$(TARGET_NAME)";
				SWIFT_EMIT_LOC_STRINGS = YES;
				SWIFT_VERSION = 5.0;
				TARGETED_DEVICE_FAMILY = "1,2";
			};
			name = Release;
		};
/* End XCBuildConfiguration section */

/* Begin XCConfigurationList section */
		D21907012953C5B8004CE189 /* Build configuration list for PBXProject "LetsEat" */ = {
			isa = XCConfigurationList;
			buildConfigurations = (
				D21907182953C5B9004CE189 /* Debug */,
				D21907192953C5B9004CE189 /* Release */,
			);
			defaultConfigurationIsVisible = 0;
			defaultConfigurationName = Release;
		};
		D219071A2953C5B9004CE189 /* Build configuration list for PBXNativeTarget "LetsEat" */ = {
			isa = XCConfigurationList;
			buildConfigurations = (
				D219071B2953C5B9004CE189 /* Debug */,
				D219071C2953C5B9004CE189 /* Release */,
			);
			defaultConfigurationIsVisible = 0;
			defaultConfigurationName = Release;
		};
/* End XCConfigurationList section */
	};
	rootObject = D21906FE2953C5B8004CE189 /* Project object */;
}
